<?xml version="1.0" encoding="utf-8"?>
<Project ToolsVersion="4.0" xmlns="http://schemas.microsoft.com/developer/msbuild/2003">
  <ItemGroup>
    <Filter Include="glfw">
      <UniqueIdentifier>{53522192-4a31-470b-8839-2ea27fef3762}</UniqueIdentifier>
    </Filter>
    <Filter Include="opengl">
      <UniqueIdentifier>{839d9066-4d26-4eec-9b63-9ba7695e2162}</UniqueIdentifier>
    </Filter>
  </ItemGroup>
  <ItemGroup>
    <ClInclude Include="..\..\..\src\graphics\glfw\window.hpp">
      <Filter>glfw</Filter>
    </ClInclude>
    <ClInclude Include="..\..\..\src\graphics\glfw\library.hpp">
      <Filter>glfw</Filter>
    </ClInclude>
    <ClInclude Include="..\..\..\src\graphics\glfw\errors.hpp">
      <Filter>glfw</Filter>
    </ClInclude>
    <ClInclude Include="..\..\..\src\graphics\opengl\glerrors.hpp">
      <Filter>opengl</Filter>
    </ClInclude>
    <ClInclude Include="..\..\..\src\graphics\opengl\glcall.hpp">
      <Filter>opengl</Filter>
    </ClInclude>
    <ClInclude Include="..\..\..\src\graphics\opengl\buffer.hpp">
      <Filter>opengl</Filter>
    </ClInclude>
    <ClInclude Include="..\..\..\src\graphics\opengl\vertex_array.hpp">
      <Filter>opengl</Filter>
    </ClInclude>
    <ClInclude Include="..\..\..\src\graphics\opengl\shader.hpp">
      <Filter>opengl</Filter>
    </ClInclude>
    <ClInclude Include="..\..\..\src\graphics\opengl\renderer.hpp">
      <Filter>opengl</Filter>
    </ClInclude>
    <ClInclude Include="..\..\..\src\graphics\opengl\mesh.hpp">
      <Filter>opengl</Filter>
    </ClInclude>
  </ItemGroup>
  <ItemGroup>
    <ClCompile Include="..\..\..\src\graphics\glfw\window.cpp">
      <Filter>glfw</Filter>
    </ClCompile>
    <ClCompile Include="..\..\..\src\graphics\glfw\errors.cpp">
      <Filter>glfw</Filter>
    </ClCompile>
    <ClCompile Include="..\..\..\src\graphics\glfw\library.cpp">
      <Filter>glfw</Filter>
    </ClCompile>
    <ClCompile Include="..\..\..\src\graphics\opengl\glerrors.cpp">
      <Filter>opengl</Filter>
    </ClCompile>
    <ClCompile Include="..\..\..\src\graphics\opengl\shader.cpp">
      <Filter>opengl</Filter>
    </ClCompile>
    <ClCompile Include="..\..\..\src\graphics\opengl\mesh.cpp">
      <Filter>opengl</Filter>
    </ClCompile>
  </ItemGroup>
</Project>