
Microsoft Visual Studio Solution File, Format Version 12.00
# Visual Studio Version 17
VisualStudioVersion = 17.2.32616.157
MinimumVisualStudioVersion = 10.0.40219.1
Project("{8BC9CEB8-8B4A-11D0-8D11-00A0C91BC942}") = "graphics", "graphics\graphics.vcxproj", "{BDC30911-975B-4CC8-8ACB-D0EFD2B08BD8}"
EndProject
Project("{8BC9CEB8-8B4A-11D0-8D11-00A0C91BC942}") = "app", "app\app.vcxproj", "{D69F558E-01B0-406D-B643-8E4870830F0A}"
EndProject
Global
	GlobalSection(SolutionConfigurationPlatforms) = preSolution
		Debug|x64 = Debug|x64
		Release|x64 = Release|x64
	EndGlobalSection
	GlobalSection(ProjectConfigurationPlatforms) = postSolution
		{BDC30911-975B-4CC8-8ACB-D0EFD2B08BD8}.Debug|x64.ActiveCfg = Debug|x64
		{BDC30911-975B-4CC8-8ACB-D0EFD2B08BD8}.Debug|x64.Build.0 = Debug|x64
		{BDC30911-975B-4CC8-8ACB-D0EFD2B08BD8}.Release|x64.ActiveCfg = Release|x64
		{BDC30911-975B-4CC8-8ACB-D0EFD2B08BD8}.Release|x64.Build.0 = Release|x64
		{D69F558E-01B0-406D-B643-8E4870830F0A}.Debug|x64.ActiveCfg = Debug|x64
		{D69F558E-01B0-406D-B643-8E4870830F0A}.Debug|x64.Build.0 = Debug|x64
		{D69F558E-01B0-406D-B643-8E4870830F0A}.Release|x64.ActiveCfg = Release|x64
		{D69F558E-01B0-406D-B643-8E4870830F0A}.Release|x64.Build.0 = Release|x64
	EndGlobalSection
	GlobalSection(SolutionProperties) = preSolution
		HideSolutionNode = FALSE
	EndGlobalSection
	GlobalSection(ExtensibilityGlobals) = postSolution
		SolutionGuid = {A62BA578-956F-4798-B295-D590B85790B7}
	EndGlobalSection
EndGlobal
