<?xml version="1.0" encoding="utf-8"?>
<Project ToolsVersion="4.0" xmlns="http://schemas.microsoft.com/developer/msbuild/2003">
  <ItemGroup>
    <ClCompile Include="..\..\..\src\editor\scene.cpp" />
    <ClCompile Include="..\..\..\src\editor\node.cpp" />
    <ClCompile Include="..\..\..\src\editor\opengl_renderer.cpp" />
    <ClCompile Include="..\..\..\src\editor\mesh.cpp" />
    <ClCompile Include="..\..\..\src\editor\camera.cpp" />
    <ClCompile Include="..\..\..\src\editor\light.cpp" />
  </ItemGroup>
  <ItemGroup>
    <ClInclude Include="..\..\..\src\editor\scene.h" />
    <ClInclude Include="..\..\..\src\editor\node.h" />
    <ClInclude Include="..\..\..\src\editor\opengl_renderer.h" />
    <ClInclude Include="..\..\..\src\editor\mesh.h" />
    <ClInclude Include="..\..\..\src\editor\camera.h" />
    <ClInclude Include="..\..\..\src\editor\glm_wrap.h" />
    <ClInclude Include="..\..\..\src\editor\light.h" />
    <ClInclude Include="..\..\..\src\editor\material.h" />
  </ItemGroup>
  <ItemGroup>
    <None Include="packages.config" />
  </ItemGroup>
</Project>