<?xml version="1.0" encoding="utf-8"?>
<Project ToolsVersion="4.0" xmlns="http://schemas.microsoft.com/developer/msbuild/2003">
  <ItemGroup>
    <Filter Include="opengl">
      <UniqueIdentifier>{bce8138a-c76f-42cf-a7fc-c1fd0924c964}</UniqueIdentifier>
    </Filter>
    <Filter Include="scene">
      <UniqueIdentifier>{64e3fe7a-00d1-4bd8-8c64-b9b0760a3214}</UniqueIdentifier>
    </Filter>
  </ItemGroup>
  <ItemGroup>
    <ClCompile Include="..\..\..\src\opengl_renderer\scene\light_program.cpp">
      <Filter>scene</Filter>
    </ClCompile>
    <ClCompile Include="..\..\..\src\opengl_renderer\scene\lighted_object.cpp">
      <Filter>scene</Filter>
    </ClCompile>
    <ClCompile Include="..\..\..\src\opengl_renderer\scene\scene_object.cpp">
      <Filter>scene</Filter>
    </ClCompile>
    <ClCompile Include="..\..\..\src\opengl_renderer\opengl\glerrors.cpp">
      <Filter>opengl</Filter>
    </ClCompile>
    <ClCompile Include="..\..\..\src\opengl_renderer\opengl\mesh.cpp">
      <Filter>opengl</Filter>
    </ClCompile>
    <ClCompile Include="..\..\..\src\opengl_renderer\opengl\shader.cpp">
      <Filter>opengl</Filter>
    </ClCompile>
    <ClCompile Include="..\..\..\src\opengl_renderer\renderer.cpp" />
  </ItemGroup>
  <ItemGroup>
    <ClInclude Include="..\..\..\src\opengl_renderer\scene\global_light.hpp">
      <Filter>scene</Filter>
    </ClInclude>
    <ClInclude Include="..\..\..\src\opengl_renderer\scene\light_program.hpp">
      <Filter>scene</Filter>
    </ClInclude>
    <ClInclude Include="..\..\..\src\opengl_renderer\scene\lighted_object.hpp">
      <Filter>scene</Filter>
    </ClInclude>
    <ClInclude Include="..\..\..\src\opengl_renderer\scene\scene_object.hpp">
      <Filter>scene</Filter>
    </ClInclude>
    <ClInclude Include="..\..\..\src\opengl_renderer\opengl\buffer.hpp">
      <Filter>opengl</Filter>
    </ClInclude>
    <ClInclude Include="..\..\..\src\opengl_renderer\opengl\glcall.hpp">
      <Filter>opengl</Filter>
    </ClInclude>
    <ClInclude Include="..\..\..\src\opengl_renderer\opengl\glerrors.hpp">
      <Filter>opengl</Filter>
    </ClInclude>
    <ClInclude Include="..\..\..\src\opengl_renderer\opengl\mesh.hpp">
      <Filter>opengl</Filter>
    </ClInclude>
    <ClInclude Include="..\..\..\src\opengl_renderer\opengl\shader.hpp">
      <Filter>opengl</Filter>
    </ClInclude>
    <ClInclude Include="..\..\..\src\opengl_renderer\opengl\vertex_array.hpp">
      <Filter>opengl</Filter>
    </ClInclude>
    <ClInclude Include="..\..\..\src\opengl_renderer\renderer.hpp" />
  </ItemGroup>
</Project>