<?xml version="1.0" encoding="utf-8"?>
<Project ToolsVersion="4.0" xmlns="http://schemas.microsoft.com/developer/msbuild/2003">
  <ItemGroup>
    <ClInclude Include="..\..\..\src\engine\scene\scene.hpp">
      <Filter>scene</Filter>
    </ClInclude>
    <ClInclude Include="..\..\..\src\engine\scene\mesh.hpp">
      <Filter>scene</Filter>
    </ClInclude>
    <ClInclude Include="..\..\..\src\engine\scene\node.hpp">
      <Filter>scene</Filter>
    </ClInclude>
    <ClInclude Include="..\..\..\src\engine\render\renderer.hpp">
      <Filter>render</Filter>
    </ClInclude>
    <ClInclude Include="..\..\..\src\engine\render\window.hpp">
      <Filter>render</Filter>
    </ClInclude>
    <ClInclude Include="..\..\..\src\engine\engine.hpp" />
    <ClInclude Include="..\..\..\src\engine\scene\camera.hpp">
      <Filter>scene</Filter>
    </ClInclude>
  </ItemGroup>
  <ItemGroup>
    <Filter Include="scene">
      <UniqueIdentifier>{fdf4c2fd-9412-4b68-9cb5-357d85557f35}</UniqueIdentifier>
    </Filter>
    <Filter Include="render">
      <UniqueIdentifier>{6181a8f9-507b-4e3d-8aa6-89d8a71a0b9e}</UniqueIdentifier>
    </Filter>
  </ItemGroup>
  <ItemGroup>
    <ClCompile Include="..\..\..\src\engine\scene\mesh.cpp">
      <Filter>scene</Filter>
    </ClCompile>
    <ClCompile Include="..\..\..\src\engine\scene\camera.cpp">
      <Filter>scene</Filter>
    </ClCompile>
  </ItemGroup>
</Project>